
Microsoft Visual Studio Solution File, Format Version 12.00
# Visual Studio 15
VisualStudioVersion = 15.0.28010.2048
MinimumVisualStudioVersion = 10.0.40219.1
Project("{FAE04EC0-301F-11D3-BF4B-00C04F79EFBC}") = "X509", "X509.csproj", "{A0FA800D-1691-4636-BA86-16A36714EB98}"
EndProject
Global
	GlobalSection(SolutionConfigurationPlatforms) = preSolution
		Debug|Any CPU = Debug|Any CPU
		Release|Any CPU = Release|Any CPU
	EndGlobalSection
	GlobalSection(ProjectConfigurationPlatforms) = postSolution
		{A0FA800D-1691-4636-BA86-16A36714EB98}.Debug|Any CPU.ActiveCfg = Debug|Any CPU
		{A0FA800D-1691-4636-BA86-16A36714EB98}.Debug|Any CPU.Build.0 = Debug|Any CPU
		{A0FA800D-1691-4636-BA86-16A36714EB98}.Release|Any CPU.ActiveCfg = Release|Any CPU
		{A0FA800D-1691-4636-BA86-16A36714EB98}.Release|Any CPU.Build.0 = Release|Any CPU
	EndGlobalSection
	GlobalSection(SolutionProperties) = preSolution
		HideSolutionNode = FALSE
	EndGlobalSection
	GlobalSection(ExtensibilityGlobals) = postSolution
		SolutionGuid = {46558B00-5AD7-412C-AFAD-7D1A27B8B4DD}
	EndGlobalSection
EndGlobal
